
Microsoft Visual Studio Solution File, Format Version 12.00
# Visual Studio Version 17
VisualStudioVersion = 17.9.34728.123
MinimumVisualStudioVersion = 10.0.40219.1
Project("{2150E333-8FDC-42A3-9474-1A3956D46DE8}") = "Services", "Services", "{9EC01B56-50D6-4FD8-A6F8-70559EC63721}"
EndProject
Project("{2150E333-8FDC-42A3-9474-1A3956D46DE8}") = "Catelog", "Catelog", "{51BFCBAA-ABC7-4BBD-95BC-3D6686EBCBF4}"
EndProject
Project("{2150E333-8FDC-42A3-9474-1A3956D46DE8}") = "src", "src", "{1E2B4865-BF05-431F-A99F-AB0F985583D5}"
EndProject
Project("{9A19103F-16F7-4668-BE54-9A1E7A4F7556}") = "Catelog.API", "src\Services\Catelog\Catelog.API\Catelog.API.csproj", "{811668A8-318F-427A-93D5-FB7B22014355}"
EndProject
Project("{2150E333-8FDC-42A3-9474-1A3956D46DE8}") = "BuildingBlocs", "BuildingBlocs", "{0E87451C-C8A7-461C-9C4A-1E380050D32E}"
EndProject
Project("{9A19103F-16F7-4668-BE54-9A1E7A4F7556}") = "BuildingBlocks", "src\BuildingBlocks\ClassLibrary1\BuildingBlocks.csproj", "{296A9B77-E5CC-4726-B2F0-86A921A3217D}"
EndProject
Project("{E53339B2-1760-4266-BCC7-CA923CBCF16C}") = "docker-compose", "docker-compose.dcproj", "{16791545-BE4A-4BDD-8CA1-1F8FC821E500}"
EndProject
Global
	GlobalSection(SolutionConfigurationPlatforms) = preSolution
		Debug|Any CPU = Debug|Any CPU
		Release|Any CPU = Release|Any CPU
	EndGlobalSection
	GlobalSection(ProjectConfigurationPlatforms) = postSolution
		{811668A8-318F-427A-93D5-FB7B22014355}.Debug|Any CPU.ActiveCfg = Debug|Any CPU
		{811668A8-318F-427A-93D5-FB7B22014355}.Debug|Any CPU.Build.0 = Debug|Any CPU
		{811668A8-318F-427A-93D5-FB7B22014355}.Release|Any CPU.ActiveCfg = Release|Any CPU
		{811668A8-318F-427A-93D5-FB7B22014355}.Release|Any CPU.Build.0 = Release|Any CPU
		{296A9B77-E5CC-4726-B2F0-86A921A3217D}.Debug|Any CPU.ActiveCfg = Debug|Any CPU
		{296A9B77-E5CC-4726-B2F0-86A921A3217D}.Debug|Any CPU.Build.0 = Debug|Any CPU
		{296A9B77-E5CC-4726-B2F0-86A921A3217D}.Release|Any CPU.ActiveCfg = Release|Any CPU
		{296A9B77-E5CC-4726-B2F0-86A921A3217D}.Release|Any CPU.Build.0 = Release|Any CPU
		{16791545-BE4A-4BDD-8CA1-1F8FC821E500}.Debug|Any CPU.ActiveCfg = Debug|Any CPU
		{16791545-BE4A-4BDD-8CA1-1F8FC821E500}.Debug|Any CPU.Build.0 = Debug|Any CPU
		{16791545-BE4A-4BDD-8CA1-1F8FC821E500}.Release|Any CPU.ActiveCfg = Release|Any CPU
		{16791545-BE4A-4BDD-8CA1-1F8FC821E500}.Release|Any CPU.Build.0 = Release|Any CPU
	EndGlobalSection
	GlobalSection(SolutionProperties) = preSolution
		HideSolutionNode = FALSE
	EndGlobalSection
	GlobalSection(NestedProjects) = preSolution
		{9EC01B56-50D6-4FD8-A6F8-70559EC63721} = {1E2B4865-BF05-431F-A99F-AB0F985583D5}
		{51BFCBAA-ABC7-4BBD-95BC-3D6686EBCBF4} = {9EC01B56-50D6-4FD8-A6F8-70559EC63721}
		{811668A8-318F-427A-93D5-FB7B22014355} = {51BFCBAA-ABC7-4BBD-95BC-3D6686EBCBF4}
		{0E87451C-C8A7-461C-9C4A-1E380050D32E} = {1E2B4865-BF05-431F-A99F-AB0F985583D5}
		{296A9B77-E5CC-4726-B2F0-86A921A3217D} = {0E87451C-C8A7-461C-9C4A-1E380050D32E}
	EndGlobalSection
	GlobalSection(ExtensibilityGlobals) = postSolution
		SolutionGuid = {0DD958E8-9794-46D5-9590-DFDBEBBE1915}
	EndGlobalSection
EndGlobal
