
Microsoft Visual Studio Solution File, Format Version 12.00
# Visual Studio Version 17
VisualStudioVersion = 17.9.34728.123
MinimumVisualStudioVersion = 10.0.40219.1
Project("{2150E333-8FDC-42A3-9474-1A3956D46DE8}") = "Services", "Services", "{9EC01B56-50D6-4FD8-A6F8-70559EC63721}"
EndProject
Project("{2150E333-8FDC-42A3-9474-1A3956D46DE8}") = "Catelog", "Catelog", "{51BFCBAA-ABC7-4BBD-95BC-3D6686EBCBF4}"
EndProject
Project("{2150E333-8FDC-42A3-9474-1A3956D46DE8}") = "src", "src", "{1E2B4865-BF05-431F-A99F-AB0F985583D5}"
EndProject
Project("{9A19103F-16F7-4668-BE54-9A1E7A4F7556}") = "Catelog.API", "src\Services\Catelog\Catelog.API\Catelog.API.csproj", "{811668A8-318F-427A-93D5-FB7B22014355}"
EndProject
Project("{2150E333-8FDC-42A3-9474-1A3956D46DE8}") = "BuildingBlocks", "BuildingBlocks", "{0E87451C-C8A7-461C-9C4A-1E380050D32E}"
EndProject
Project("{E53339B2-1760-4266-BCC7-CA923CBCF16C}") = "docker-compose", "docker-compose.dcproj", "{16791545-BE4A-4BDD-8CA1-1F8FC821E500}"
EndProject
Project("{2150E333-8FDC-42A3-9474-1A3956D46DE8}") = "Basket", "Basket", "{C9E1D292-2708-4C4D-B934-16CA777FF374}"
EndProject
Project("{9A19103F-16F7-4668-BE54-9A1E7A4F7556}") = "Basket.API", "src\Services\Basket\Basket.API\Basket.API.csproj", "{10705968-B469-4660-9A18-69AC9E8B05E6}"
EndProject
Project("{9A19103F-16F7-4668-BE54-9A1E7A4F7556}") = "BuildingBlocks", "src\BuildingBlocks\BuildingBlocks\BuildingBlocks.csproj", "{11389A99-FE50-4807-B014-15F8F7630742}"
EndProject
Project("{2150E333-8FDC-42A3-9474-1A3956D46DE8}") = "Discount", "Discount", "{413E0A57-48E3-4E8D-9CB1-CB945BCE76F7}"
EndProject
Project("{9A19103F-16F7-4668-BE54-9A1E7A4F7556}") = "Discount.Grpc", "src\Services\Discount\Discount.Grpc\Discount.Grpc.csproj", "{196933FE-AFBB-4865-9D4C-141D999FC07C}"
EndProject
Project("{2150E333-8FDC-42A3-9474-1A3956D46DE8}") = "Ordering", "Ordering", "{561412A1-BFCA-4286-9CCD-8C0D79E17B56}"
EndProject
Project("{9A19103F-16F7-4668-BE54-9A1E7A4F7556}") = "Ordering.Api", "src\Services\Ordering\Ordering.Api\Ordering.Api.csproj", "{27597A75-01BF-4596-BB0F-14A23FAB68FF}"
EndProject
Project("{FAE04EC0-301F-11D3-BF4B-00C04F79EFBC}") = "Ordering.Domain", "src\Services\Ordering\Ordering.Domain\Ordering.Domain.csproj", "{F13AD7C6-2A2D-4859-AC15-803BDF555851}"
EndProject
Project("{FAE04EC0-301F-11D3-BF4B-00C04F79EFBC}") = "Ordering.Application", "src\Services\Ordering\Ordering.Application\Ordering.Application.csproj", "{2627F969-9630-4032-BB23-638077EF6572}"
EndProject
Project("{2150E333-8FDC-42A3-9474-1A3956D46DE8}") = "Core", "Core", "{4FBA474F-7B74-4228-9633-3B752C0897F6}"
EndProject
Project("{FAE04EC0-301F-11D3-BF4B-00C04F79EFBC}") = "Ordering.Infrastructure", "src\Services\Ordering\Ordering.Infrastructure\Ordering.Infrastructure.csproj", "{05C1FE12-0BD3-490F-8ACB-F76378FB01E4}"
EndProject
Project("{2150E333-8FDC-42A3-9474-1A3956D46DE8}") = "Infrastructure", "Infrastructure", "{15743A7F-76FF-475C-9EF8-9651B80ECEFF}"
EndProject
Global
	GlobalSection(SolutionConfigurationPlatforms) = preSolution
		Debug|Any CPU = Debug|Any CPU
		Release|Any CPU = Release|Any CPU
	EndGlobalSection
	GlobalSection(ProjectConfigurationPlatforms) = postSolution
		{811668A8-318F-427A-93D5-FB7B22014355}.Debug|Any CPU.ActiveCfg = Debug|Any CPU
		{811668A8-318F-427A-93D5-FB7B22014355}.Debug|Any CPU.Build.0 = Debug|Any CPU
		{811668A8-318F-427A-93D5-FB7B22014355}.Release|Any CPU.ActiveCfg = Release|Any CPU
		{811668A8-318F-427A-93D5-FB7B22014355}.Release|Any CPU.Build.0 = Release|Any CPU
		{16791545-BE4A-4BDD-8CA1-1F8FC821E500}.Debug|Any CPU.ActiveCfg = Debug|Any CPU
		{16791545-BE4A-4BDD-8CA1-1F8FC821E500}.Debug|Any CPU.Build.0 = Debug|Any CPU
		{16791545-BE4A-4BDD-8CA1-1F8FC821E500}.Release|Any CPU.ActiveCfg = Release|Any CPU
		{16791545-BE4A-4BDD-8CA1-1F8FC821E500}.Release|Any CPU.Build.0 = Release|Any CPU
		{10705968-B469-4660-9A18-69AC9E8B05E6}.Debug|Any CPU.ActiveCfg = Debug|Any CPU
		{10705968-B469-4660-9A18-69AC9E8B05E6}.Debug|Any CPU.Build.0 = Debug|Any CPU
		{10705968-B469-4660-9A18-69AC9E8B05E6}.Release|Any CPU.ActiveCfg = Release|Any CPU
		{10705968-B469-4660-9A18-69AC9E8B05E6}.Release|Any CPU.Build.0 = Release|Any CPU
		{11389A99-FE50-4807-B014-15F8F7630742}.Debug|Any CPU.ActiveCfg = Debug|Any CPU
		{11389A99-FE50-4807-B014-15F8F7630742}.Debug|Any CPU.Build.0 = Debug|Any CPU
		{11389A99-FE50-4807-B014-15F8F7630742}.Release|Any CPU.ActiveCfg = Release|Any CPU
		{11389A99-FE50-4807-B014-15F8F7630742}.Release|Any CPU.Build.0 = Release|Any CPU
		{196933FE-AFBB-4865-9D4C-141D999FC07C}.Debug|Any CPU.ActiveCfg = Debug|Any CPU
		{196933FE-AFBB-4865-9D4C-141D999FC07C}.Debug|Any CPU.Build.0 = Debug|Any CPU
		{196933FE-AFBB-4865-9D4C-141D999FC07C}.Release|Any CPU.ActiveCfg = Release|Any CPU
		{196933FE-AFBB-4865-9D4C-141D999FC07C}.Release|Any CPU.Build.0 = Release|Any CPU
		{27597A75-01BF-4596-BB0F-14A23FAB68FF}.Debug|Any CPU.ActiveCfg = Debug|Any CPU
		{27597A75-01BF-4596-BB0F-14A23FAB68FF}.Debug|Any CPU.Build.0 = Debug|Any CPU
		{27597A75-01BF-4596-BB0F-14A23FAB68FF}.Release|Any CPU.ActiveCfg = Release|Any CPU
		{27597A75-01BF-4596-BB0F-14A23FAB68FF}.Release|Any CPU.Build.0 = Release|Any CPU
		{F13AD7C6-2A2D-4859-AC15-803BDF555851}.Debug|Any CPU.ActiveCfg = Debug|Any CPU
		{F13AD7C6-2A2D-4859-AC15-803BDF555851}.Debug|Any CPU.Build.0 = Debug|Any CPU
		{F13AD7C6-2A2D-4859-AC15-803BDF555851}.Release|Any CPU.ActiveCfg = Release|Any CPU
		{F13AD7C6-2A2D-4859-AC15-803BDF555851}.Release|Any CPU.Build.0 = Release|Any CPU
		{2627F969-9630-4032-BB23-638077EF6572}.Debug|Any CPU.ActiveCfg = Debug|Any CPU
		{2627F969-9630-4032-BB23-638077EF6572}.Debug|Any CPU.Build.0 = Debug|Any CPU
		{2627F969-9630-4032-BB23-638077EF6572}.Release|Any CPU.ActiveCfg = Release|Any CPU
		{2627F969-9630-4032-BB23-638077EF6572}.Release|Any CPU.Build.0 = Release|Any CPU
		{05C1FE12-0BD3-490F-8ACB-F76378FB01E4}.Debug|Any CPU.ActiveCfg = Debug|Any CPU
		{05C1FE12-0BD3-490F-8ACB-F76378FB01E4}.Debug|Any CPU.Build.0 = Debug|Any CPU
		{05C1FE12-0BD3-490F-8ACB-F76378FB01E4}.Release|Any CPU.ActiveCfg = Release|Any CPU
		{05C1FE12-0BD3-490F-8ACB-F76378FB01E4}.Release|Any CPU.Build.0 = Release|Any CPU
	EndGlobalSection
	GlobalSection(SolutionProperties) = preSolution
		HideSolutionNode = FALSE
	EndGlobalSection
	GlobalSection(NestedProjects) = preSolution
		{9EC01B56-50D6-4FD8-A6F8-70559EC63721} = {1E2B4865-BF05-431F-A99F-AB0F985583D5}
		{51BFCBAA-ABC7-4BBD-95BC-3D6686EBCBF4} = {9EC01B56-50D6-4FD8-A6F8-70559EC63721}
		{811668A8-318F-427A-93D5-FB7B22014355} = {51BFCBAA-ABC7-4BBD-95BC-3D6686EBCBF4}
		{0E87451C-C8A7-461C-9C4A-1E380050D32E} = {1E2B4865-BF05-431F-A99F-AB0F985583D5}
		{C9E1D292-2708-4C4D-B934-16CA777FF374} = {9EC01B56-50D6-4FD8-A6F8-70559EC63721}
		{10705968-B469-4660-9A18-69AC9E8B05E6} = {C9E1D292-2708-4C4D-B934-16CA777FF374}
		{11389A99-FE50-4807-B014-15F8F7630742} = {0E87451C-C8A7-461C-9C4A-1E380050D32E}
		{413E0A57-48E3-4E8D-9CB1-CB945BCE76F7} = {9EC01B56-50D6-4FD8-A6F8-70559EC63721}
		{196933FE-AFBB-4865-9D4C-141D999FC07C} = {413E0A57-48E3-4E8D-9CB1-CB945BCE76F7}
		{561412A1-BFCA-4286-9CCD-8C0D79E17B56} = {9EC01B56-50D6-4FD8-A6F8-70559EC63721}
		{27597A75-01BF-4596-BB0F-14A23FAB68FF} = {561412A1-BFCA-4286-9CCD-8C0D79E17B56}
		{F13AD7C6-2A2D-4859-AC15-803BDF555851} = {4FBA474F-7B74-4228-9633-3B752C0897F6}
		{2627F969-9630-4032-BB23-638077EF6572} = {4FBA474F-7B74-4228-9633-3B752C0897F6}
		{4FBA474F-7B74-4228-9633-3B752C0897F6} = {561412A1-BFCA-4286-9CCD-8C0D79E17B56}
		{05C1FE12-0BD3-490F-8ACB-F76378FB01E4} = {15743A7F-76FF-475C-9EF8-9651B80ECEFF}
		{15743A7F-76FF-475C-9EF8-9651B80ECEFF} = {561412A1-BFCA-4286-9CCD-8C0D79E17B56}
	EndGlobalSection
	GlobalSection(ExtensibilityGlobals) = postSolution
		SolutionGuid = {0DD958E8-9794-46D5-9590-DFDBEBBE1915}
	EndGlobalSection
EndGlobal
